
Microsoft Visual Studio Solution File, Format Version 12.00
# Visual Studio Version 16
VisualStudioVersion = 16.0.32126.315
MinimumVisualStudioVersion = 10.0.40219.1
Project("{FAE04EC0-301F-11D3-BF4B-00C04F79EFBC}") = "BlackJack", "BlackJack\BlackJack.csproj", "{618B5442-DE57-4FCF-97E8-0964F0245C68}"
EndProject
Global
	GlobalSection(SolutionConfigurationPlatforms) = preSolution
		Debug|Any CPU = Debug|Any CPU
		Release|Any CPU = Release|Any CPU
	EndGlobalSection
	GlobalSection(ProjectConfigurationPlatforms) = postSolution
		{618B5442-DE57-4FCF-97E8-0964F0245C68}.Debug|Any CPU.ActiveCfg = Debug|Any CPU
		{618B5442-DE57-4FCF-97E8-0964F0245C68}.Debug|Any CPU.Build.0 = Debug|Any CPU
		{618B5442-DE57-4FCF-97E8-0964F0245C68}.Release|Any CPU.ActiveCfg = Release|Any CPU
		{618B5442-DE57-4FCF-97E8-0964F0245C68}.Release|Any CPU.Build.0 = Release|Any CPU
	EndGlobalSection
	GlobalSection(SolutionProperties) = preSolution
		HideSolutionNode = FALSE
	EndGlobalSection
	GlobalSection(ExtensibilityGlobals) = postSolution
		SolutionGuid = {1429008D-311F-4367-8458-BB624E472A51}
	EndGlobalSection
EndGlobal
